// !$*UTF8*$!
{
	archiveVersion = 1;
	classes = {
	};
	objectVersion = 46;
	objects = {

/* Begin PBXBuildFile section */
		34E1012E1F3EA1C800434CD7 /* main.m in Sources */ = {isa = PBXBuildFile; fileRef = 34E1012D1F3EA1C800434CD7 /* main.m */; };
		34E101311F3EA1C800434CD7 /* AppDelegate.m in Sources */ = {isa = PBXBuildFile; fileRef = 34E101301F3EA1C800434CD7 /* AppDelegate.m */; };
		34E101341F3EA1C800434CD7 /* ViewController.m in Sources */ = {isa = PBXBuildFile; fileRef = 34E101331F3EA1C800434CD7 /* ViewController.m */; };
		34E101371F3EA1C800434CD7 /* Main.storyboard in Resources */ = {isa = PBXBuildFile; fileRef = 34E101351F3EA1C800434CD7 /* Main.storyboard */; };
		34E101391F3EA1C800434CD7 /* Assets.xcassets in Resources */ = {isa = PBXBuildFile; fileRef = 34E101381F3EA1C800434CD7 /* Assets.xcassets */; };
		34E1013C1F3EA1C800434CD7 /* LaunchScreen.storyboard in Resources */ = {isa = PBXBuildFile; fileRef = 34E1013A1F3EA1C800434CD7 /* LaunchScreen.storyboard */; };
		34E101591F3EA8D800434CD7 /* UIWebView+GGProperty.m in Sources */ = {isa = PBXBuildFile; fileRef = 34E101521F3EA8D800434CD7 /* UIWebView+GGProperty.m */; };
		34E1015A1F3EA8D800434CD7 /* UIWebView+GGLoad.m in Sources */ = {isa = PBXBuildFile; fileRef = 34E101541F3EA8D800434CD7 /* UIWebView+GGLoad.m */; };
		34E1015B1F3EA8D800434CD7 /* UIWebView+GGNewTab.m in Sources */ = {isa = PBXBuildFile; fileRef = 34E101561F3EA8D800434CD7 /* UIWebView+GGNewTab.m */; };
		34E1015C1F3EA8D800434CD7 /* NSHTTPCookieStorage+GGCookie.m in Sources */ = {isa = PBXBuildFile; fileRef = 34E101581F3EA8D800434CD7 /* NSHTTPCookieStorage+GGCookie.m */; };
		34E1016B1F3F063600434CD7 /* GGCategories.m in Sources */ = {isa = PBXBuildFile; fileRef = 34E1016A1F3F063600434CD7 /* GGCategories.m */; };
		34E1016E1F3F06E600434CD7 /* GGNewTabModifyLinkTargets.js in Resources */ = {isa = PBXBuildFile; fileRef = 34E1016D1F3F06E600434CD7 /* GGNewTabModifyLinkTargets.js */; };
		34E30DA21F428D5700380DD6 /* UIView+GGBorder.m in Sources */ = {isa = PBXBuildFile; fileRef = 34E30DA11F428D5700380DD6 /* UIView+GGBorder.m */; };
		34E30DA51F428E4400380DD6 /* NSString+GGMD5.m in Sources */ = {isa = PBXBuildFile; fileRef = 34E30DA41F428E4400380DD6 /* NSString+GGMD5.m */; };
		34E30DA81F428EEF00380DD6 /* UIViewController+GGTransition.m in Sources */ = {isa = PBXBuildFile; fileRef = 34E30DA71F428EEF00380DD6 /* UIViewController+GGTransition.m */; };
		34E30DAB1F42C12800380DD6 /* UIImage+GGTint.m in Sources */ = {isa = PBXBuildFile; fileRef = 34E30DAA1F42C12800380DD6 /* UIImage+GGTint.m */; };
		34E30DAE1F42C5B800380DD6 /* UIImage+GGResize.m in Sources */ = {isa = PBXBuildFile; fileRef = 34E30DAD1F42C5B800380DD6 /* UIImage+GGResize.m */; };
		34E30DB11F42CB4D00380DD6 /* UIWebView_NewTabVC.m in Sources */ = {isa = PBXBuildFile; fileRef = 34E30DB01F42CB4D00380DD6 /* UIWebView_NewTabVC.m */; };
		34E30DBA1F42CCD200380DD6 /* UIImage_TintVC.m in Sources */ = {isa = PBXBuildFile; fileRef = 34E30DB91F42CCD200380DD6 /* UIImage_TintVC.m */; };
		34E30DBD1F42CD1200380DD6 /* UIView_BorderVC.m in Sources */ = {isa = PBXBuildFile; fileRef = 34E30DBC1F42CD1200380DD6 /* UIView_BorderVC.m */; };
		34E30DC21F42D2F500380DD6 /* icon_man.png in Resources */ = {isa = PBXBuildFile; fileRef = 34E30DBF1F42D2F500380DD6 /* icon_man.png */; };
		34E30DC31F42D2F500380DD6 /* icon_selected.png in Resources */ = {isa = PBXBuildFile; fileRef = 34E30DC01F42D2F500380DD6 /* icon_selected.png */; };
		34E30DC61F42D30B00380DD6 /* tab_home.png in Resources */ = {isa = PBXBuildFile; fileRef = 34E30DC51F42D30B00380DD6 /* tab_home.png */; };
		34E30DCC1F43FE8800380DD6 /* UIView+JKFrame.m in Sources */ = {isa = PBXBuildFile; fileRef = 34E30DCB1F43FE8800380DD6 /* UIView+JKFrame.m */; };
		34E30DCF1F43FEC900380DD6 /* NSString+JKSize.m in Sources */ = {isa = PBXBuildFile; fileRef = 34E30DCE1F43FEC900380DD6 /* NSString+JKSize.m */; };
		34E30DD21F43FEDF00380DD6 /* UIView+JKVisuals.m in Sources */ = {isa = PBXBuildFile; fileRef = 34E30DD11F43FEDF00380DD6 /* UIView+JKVisuals.m */; };
		34E30DD51F43FEFE00380DD6 /* NSString+JKURLEncode.m in Sources */ = {isa = PBXBuildFile; fileRef = 34E30DD41F43FEFE00380DD6 /* NSString+JKURLEncode.m */; };
		34E30DD81F43FF1A00380DD6 /* UIScreen+JKFrame.m in Sources */ = {isa = PBXBuildFile; fileRef = 34E30DD71F43FF1A00380DD6 /* UIScreen+JKFrame.m */; };
/* End PBXBuildFile section */

/* Begin PBXFileReference section */
		34E101291F3EA1C800434CD7 /* GGCategories.app */ = {isa = PBXFileReference; explicitFileType = wrapper.application; includeInIndex = 0; path = GGCategories.app; sourceTree = BUILT_PRODUCTS_DIR; };
		34E1012D1F3EA1C800434CD7 /* main.m */ = {isa = PBXFileReference; lastKnownFileType = sourcecode.c.objc; path = main.m; sourceTree = "<group>"; };
		34E1012F1F3EA1C800434CD7 /* AppDelegate.h */ = {isa = PBXFileReference; lastKnownFileType = sourcecode.c.h; path = AppDelegate.h; sourceTree = "<group>"; };
		34E101301F3EA1C800434CD7 /* AppDelegate.m */ = {isa = PBXFileReference; lastKnownFileType = sourcecode.c.objc; path = AppDelegate.m; sourceTree = "<group>"; };
		34E101321F3EA1C800434CD7 /* ViewController.h */ = {isa = PBXFileReference; lastKnownFileType = sourcecode.c.h; path = ViewController.h; sourceTree = "<group>"; };
		34E101331F3EA1C800434CD7 /* ViewController.m */ = {isa = PBXFileReference; lastKnownFileType = sourcecode.c.objc; path = ViewController.m; sourceTree = "<group>"; };
		34E101361F3EA1C800434CD7 /* Base */ = {isa = PBXFileReference; lastKnownFileType = file.storyboard; name = Base; path = Base.lproj/Main.storyboard; sourceTree = "<group>"; };
		34E101381F3EA1C800434CD7 /* Assets.xcassets */ = {isa = PBXFileReference; lastKnownFileType = folder.assetcatalog; path = Assets.xcassets; sourceTree = "<group>"; };
		34E1013B1F3EA1C800434CD7 /* Base */ = {isa = PBXFileReference; lastKnownFileType = file.storyboard; name = Base; path = Base.lproj/LaunchScreen.storyboard; sourceTree = "<group>"; };
		34E1013D1F3EA1C800434CD7 /* Info.plist */ = {isa = PBXFileReference; lastKnownFileType = text.plist.xml; path = Info.plist; sourceTree = "<group>"; };
		34E101511F3EA8D800434CD7 /* UIWebView+GGProperty.h */ = {isa = PBXFileReference; fileEncoding = 4; lastKnownFileType = sourcecode.c.h; path = "UIWebView+GGProperty.h"; sourceTree = "<group>"; };
		34E101521F3EA8D800434CD7 /* UIWebView+GGProperty.m */ = {isa = PBXFileReference; fileEncoding = 4; lastKnownFileType = sourcecode.c.objc; path = "UIWebView+GGProperty.m"; sourceTree = "<group>"; };
		34E101531F3EA8D800434CD7 /* UIWebView+GGLoad.h */ = {isa = PBXFileReference; fileEncoding = 4; lastKnownFileType = sourcecode.c.h; path = "UIWebView+GGLoad.h"; sourceTree = "<group>"; };
		34E101541F3EA8D800434CD7 /* UIWebView+GGLoad.m */ = {isa = PBXFileReference; fileEncoding = 4; lastKnownFileType = sourcecode.c.objc; path = "UIWebView+GGLoad.m"; sourceTree = "<group>"; };
		34E101551F3EA8D800434CD7 /* UIWebView+GGNewTab.h */ = {isa = PBXFileReference; fileEncoding = 4; lastKnownFileType = sourcecode.c.h; path = "UIWebView+GGNewTab.h"; sourceTree = "<group>"; };
		34E101561F3EA8D800434CD7 /* UIWebView+GGNewTab.m */ = {isa = PBXFileReference; fileEncoding = 4; lastKnownFileType = sourcecode.c.objc; path = "UIWebView+GGNewTab.m"; sourceTree = "<group>"; };
		34E101571F3EA8D800434CD7 /* NSHTTPCookieStorage+GGCookie.h */ = {isa = PBXFileReference; fileEncoding = 4; lastKnownFileType = sourcecode.c.h; path = "NSHTTPCookieStorage+GGCookie.h"; sourceTree = "<group>"; };
		34E101581F3EA8D800434CD7 /* NSHTTPCookieStorage+GGCookie.m */ = {isa = PBXFileReference; fileEncoding = 4; lastKnownFileType = sourcecode.c.objc; path = "NSHTTPCookieStorage+GGCookie.m"; sourceTree = "<group>"; };
		34E101691F3F063600434CD7 /* GGCategories.h */ = {isa = PBXFileReference; fileEncoding = 4; lastKnownFileType = sourcecode.c.h; path = GGCategories.h; sourceTree = "<group>"; };
		34E1016A1F3F063600434CD7 /* GGCategories.m */ = {isa = PBXFileReference; fileEncoding = 4; lastKnownFileType = sourcecode.c.objc; path = GGCategories.m; sourceTree = "<group>"; };
		34E1016D1F3F06E600434CD7 /* GGNewTabModifyLinkTargets.js */ = {isa = PBXFileReference; fileEncoding = 4; lastKnownFileType = sourcecode.javascript; path = GGNewTabModifyLinkTargets.js; sourceTree = "<group>"; };
		34E30DA01F428D5700380DD6 /* UIView+GGBorder.h */ = {isa = PBXFileReference; fileEncoding = 4; lastKnownFileType = sourcecode.c.h; path = "UIView+GGBorder.h"; sourceTree = "<group>"; };
		34E30DA11F428D5700380DD6 /* UIView+GGBorder.m */ = {isa = PBXFileReference; fileEncoding = 4; lastKnownFileType = sourcecode.c.objc; path = "UIView+GGBorder.m"; sourceTree = "<group>"; };
		34E30DA31F428E4400380DD6 /* NSString+GGMD5.h */ = {isa = PBXFileReference; fileEncoding = 4; lastKnownFileType = sourcecode.c.h; path = "NSString+GGMD5.h"; sourceTree = "<group>"; };
		34E30DA41F428E4400380DD6 /* NSString+GGMD5.m */ = {isa = PBXFileReference; fileEncoding = 4; lastKnownFileType = sourcecode.c.objc; path = "NSString+GGMD5.m"; sourceTree = "<group>"; };
		34E30DA61F428EEF00380DD6 /* UIViewController+GGTransition.h */ = {isa = PBXFileReference; fileEncoding = 4; lastKnownFileType = sourcecode.c.h; path = "UIViewController+GGTransition.h"; sourceTree = "<group>"; };
		34E30DA71F428EEF00380DD6 /* UIViewController+GGTransition.m */ = {isa = PBXFileReference; fileEncoding = 4; lastKnownFileType = sourcecode.c.objc; path = "UIViewController+GGTransition.m"; sourceTree = "<group>"; };
		34E30DA91F42C12800380DD6 /* UIImage+GGTint.h */ = {isa = PBXFileReference; fileEncoding = 4; lastKnownFileType = sourcecode.c.h; path = "UIImage+GGTint.h"; sourceTree = "<group>"; };
		34E30DAA1F42C12800380DD6 /* UIImage+GGTint.m */ = {isa = PBXFileReference; fileEncoding = 4; lastKnownFileType = sourcecode.c.objc; path = "UIImage+GGTint.m"; sourceTree = "<group>"; };
		34E30DAC1F42C5B800380DD6 /* UIImage+GGResize.h */ = {isa = PBXFileReference; fileEncoding = 4; lastKnownFileType = sourcecode.c.h; path = "UIImage+GGResize.h"; sourceTree = "<group>"; };
		34E30DAD1F42C5B800380DD6 /* UIImage+GGResize.m */ = {isa = PBXFileReference; fileEncoding = 4; lastKnownFileType = sourcecode.c.objc; path = "UIImage+GGResize.m"; sourceTree = "<group>"; };
		34E30DAF1F42CB4D00380DD6 /* UIWebView_NewTabVC.h */ = {isa = PBXFileReference; fileEncoding = 4; lastKnownFileType = sourcecode.c.h; path = UIWebView_NewTabVC.h; sourceTree = "<group>"; };
		34E30DB01F42CB4D00380DD6 /* UIWebView_NewTabVC.m */ = {isa = PBXFileReference; fileEncoding = 4; lastKnownFileType = sourcecode.c.objc; path = UIWebView_NewTabVC.m; sourceTree = "<group>"; };
		34E30DB81F42CCD200380DD6 /* UIImage_TintVC.h */ = {isa = PBXFileReference; fileEncoding = 4; lastKnownFileType = sourcecode.c.h; path = UIImage_TintVC.h; sourceTree = "<group>"; };
		34E30DB91F42CCD200380DD6 /* UIImage_TintVC.m */ = {isa = PBXFileReference; fileEncoding = 4; lastKnownFileType = sourcecode.c.objc; path = UIImage_TintVC.m; sourceTree = "<group>"; };
		34E30DBB1F42CD1200380DD6 /* UIView_BorderVC.h */ = {isa = PBXFileReference; fileEncoding = 4; lastKnownFileType = sourcecode.c.h; path = UIView_BorderVC.h; sourceTree = "<group>"; };
		34E30DBC1F42CD1200380DD6 /* UIView_BorderVC.m */ = {isa = PBXFileReference; fileEncoding = 4; lastKnownFileType = sourcecode.c.objc; path = UIView_BorderVC.m; sourceTree = "<group>"; };
		34E30DBF1F42D2F500380DD6 /* icon_man.png */ = {isa = PBXFileReference; lastKnownFileType = image.png; path = icon_man.png; sourceTree = "<group>"; };
		34E30DC01F42D2F500380DD6 /* icon_selected.png */ = {isa = PBXFileReference; lastKnownFileType = image.png; path = icon_selected.png; sourceTree = "<group>"; };
		34E30DC51F42D30B00380DD6 /* tab_home.png */ = {isa = PBXFileReference; lastKnownFileType = image.png; path = tab_home.png; sourceTree = "<group>"; };
		34E30DCA1F43FE8800380DD6 /* UIView+JKFrame.h */ = {isa = PBXFileReference; fileEncoding = 4; lastKnownFileType = sourcecode.c.h; path = "UIView+JKFrame.h"; sourceTree = "<group>"; };
		34E30DCB1F43FE8800380DD6 /* UIView+JKFrame.m */ = {isa = PBXFileReference; fileEncoding = 4; lastKnownFileType = sourcecode.c.objc; path = "UIView+JKFrame.m"; sourceTree = "<group>"; };
		34E30DCD1F43FEC900380DD6 /* NSString+JKSize.h */ = {isa = PBXFileReference; fileEncoding = 4; lastKnownFileType = sourcecode.c.h; path = "NSString+JKSize.h"; sourceTree = "<group>"; };
		34E30DCE1F43FEC900380DD6 /* NSString+JKSize.m */ = {isa = PBXFileReference; fileEncoding = 4; lastKnownFileType = sourcecode.c.objc; path = "NSString+JKSize.m"; sourceTree = "<group>"; };
		34E30DD01F43FEDF00380DD6 /* UIView+JKVisuals.h */ = {isa = PBXFileReference; fileEncoding = 4; lastKnownFileType = sourcecode.c.h; path = "UIView+JKVisuals.h"; sourceTree = "<group>"; };
		34E30DD11F43FEDF00380DD6 /* UIView+JKVisuals.m */ = {isa = PBXFileReference; fileEncoding = 4; lastKnownFileType = sourcecode.c.objc; path = "UIView+JKVisuals.m"; sourceTree = "<group>"; };
		34E30DD31F43FEFE00380DD6 /* NSString+JKURLEncode.h */ = {isa = PBXFileReference; fileEncoding = 4; lastKnownFileType = sourcecode.c.h; path = "NSString+JKURLEncode.h"; sourceTree = "<group>"; };
		34E30DD41F43FEFE00380DD6 /* NSString+JKURLEncode.m */ = {isa = PBXFileReference; fileEncoding = 4; lastKnownFileType = sourcecode.c.objc; path = "NSString+JKURLEncode.m"; sourceTree = "<group>"; };
		34E30DD61F43FF1A00380DD6 /* UIScreen+JKFrame.h */ = {isa = PBXFileReference; fileEncoding = 4; lastKnownFileType = sourcecode.c.h; path = "UIScreen+JKFrame.h"; sourceTree = "<group>"; };
		34E30DD71F43FF1A00380DD6 /* UIScreen+JKFrame.m */ = {isa = PBXFileReference; fileEncoding = 4; lastKnownFileType = sourcecode.c.objc; path = "UIScreen+JKFrame.m"; sourceTree = "<group>"; };
/* End PBXFileReference section */

/* Begin PBXFrameworksBuildPhase section */
		34E101261F3EA1C800434CD7 /* Frameworks */ = {
			isa = PBXFrameworksBuildPhase;
			buildActionMask = 2147483647;
			files = (
			);
			runOnlyForDeploymentPostprocessing = 0;
		};
/* End PBXFrameworksBuildPhase section */

/* Begin PBXGroup section */
		34E101201F3EA1C800434CD7 = {
			isa = PBXGroup;
			children = (
				34E1012B1F3EA1C800434CD7 /* GGCategories */,
				34E1012A1F3EA1C800434CD7 /* Products */,
			);
			sourceTree = "<group>";
		};
		34E1012A1F3EA1C800434CD7 /* Products */ = {
			isa = PBXGroup;
			children = (
				34E101291F3EA1C800434CD7 /* GGCategories.app */,
			);
			name = Products;
			sourceTree = "<group>";
		};
		34E1012B1F3EA1C800434CD7 /* GGCategories */ = {
			isa = PBXGroup;
			children = (
				34E30DBE1F42D2EA00380DD6 /* Image */,
				34E1016C1F3F06E600434CD7 /* Resources */,
				34E101431F3EA5E200434CD7 /* GGCategories */,
				34E1012F1F3EA1C800434CD7 /* AppDelegate.h */,
				34E101301F3EA1C800434CD7 /* AppDelegate.m */,
				34E101321F3EA1C800434CD7 /* ViewController.h */,
				34E101331F3EA1C800434CD7 /* ViewController.m */,
				34E30DAF1F42CB4D00380DD6 /* UIWebView_NewTabVC.h */,
				34E30DB01F42CB4D00380DD6 /* UIWebView_NewTabVC.m */,
				34E30DB81F42CCD200380DD6 /* UIImage_TintVC.h */,
				34E30DB91F42CCD200380DD6 /* UIImage_TintVC.m */,
				34E30DBB1F42CD1200380DD6 /* UIView_BorderVC.h */,
				34E30DBC1F42CD1200380DD6 /* UIView_BorderVC.m */,
				34E1012C1F3EA1C800434CD7 /* Supporting Files */,
			);
			path = GGCategories;
			sourceTree = "<group>";
		};
		34E1012C1F3EA1C800434CD7 /* Supporting Files */ = {
			isa = PBXGroup;
			children = (
				34E101381F3EA1C800434CD7 /* Assets.xcassets */,
				34E101351F3EA1C800434CD7 /* Main.storyboard */,
				34E1013A1F3EA1C800434CD7 /* LaunchScreen.storyboard */,
				34E1013D1F3EA1C800434CD7 /* Info.plist */,
				34E1012D1F3EA1C800434CD7 /* main.m */,
			);
			name = "Supporting Files";
			sourceTree = "<group>";
		};
		34E101431F3EA5E200434CD7 /* GGCategories */ = {
			isa = PBXGroup;
			children = (
				34E30DD61F43FF1A00380DD6 /* UIScreen+JKFrame.h */,
				34E30DD71F43FF1A00380DD6 /* UIScreen+JKFrame.m */,
				34E30DD31F43FEFE00380DD6 /* NSString+JKURLEncode.h */,
				34E30DD41F43FEFE00380DD6 /* NSString+JKURLEncode.m */,
				34E30DD01F43FEDF00380DD6 /* UIView+JKVisuals.h */,
				34E30DD11F43FEDF00380DD6 /* UIView+JKVisuals.m */,
				34E30DCD1F43FEC900380DD6 /* NSString+JKSize.h */,
				34E30DCE1F43FEC900380DD6 /* NSString+JKSize.m */,
				34E30DCA1F43FE8800380DD6 /* UIView+JKFrame.h */,
				34E30DCB1F43FE8800380DD6 /* UIView+JKFrame.m */,
				34E101691F3F063600434CD7 /* GGCategories.h */,
				34E1016A1F3F063600434CD7 /* GGCategories.m */,
				34E101511F3EA8D800434CD7 /* UIWebView+GGProperty.h */,
				34E101521F3EA8D800434CD7 /* UIWebView+GGProperty.m */,
				34E101531F3EA8D800434CD7 /* UIWebView+GGLoad.h */,
				34E101541F3EA8D800434CD7 /* UIWebView+GGLoad.m */,
				34E101551F3EA8D800434CD7 /* UIWebView+GGNewTab.h */,
				34E101561F3EA8D800434CD7 /* UIWebView+GGNewTab.m */,
				34E30DA91F42C12800380DD6 /* UIImage+GGTint.h */,
				34E30DAA1F42C12800380DD6 /* UIImage+GGTint.m */,
				34E30DAC1F42C5B800380DD6 /* UIImage+GGResize.h */,
				34E30DAD1F42C5B800380DD6 /* UIImage+GGResize.m */,
				34E30DA01F428D5700380DD6 /* UIView+GGBorder.h */,
				34E30DA11F428D5700380DD6 /* UIView+GGBorder.m */,
				34E30DA31F428E4400380DD6 /* NSString+GGMD5.h */,
				34E30DA41F428E4400380DD6 /* NSString+GGMD5.m */,
				34E30DA61F428EEF00380DD6 /* UIViewController+GGTransition.h */,
				34E30DA71F428EEF00380DD6 /* UIViewController+GGTransition.m */,
				34E101571F3EA8D800434CD7 /* NSHTTPCookieStorage+GGCookie.h */,
				34E101581F3EA8D800434CD7 /* NSHTTPCookieStorage+GGCookie.m */,
			);
			path = GGCategories;
			sourceTree = "<group>";
		};
		34E1016C1F3F06E600434CD7 /* Resources */ = {
			isa = PBXGroup;
			children = (
				34E1016D1F3F06E600434CD7 /* GGNewTabModifyLinkTargets.js */,
			);
			path = Resources;
			sourceTree = "<group>";
		};
		34E30DBE1F42D2EA00380DD6 /* Image */ = {
			isa = PBXGroup;
			children = (
				34E30DBF1F42D2F500380DD6 /* icon_man.png */,
				34E30DC01F42D2F500380DD6 /* icon_selected.png */,
				34E30DC51F42D30B00380DD6 /* tab_home.png */,
			);
			name = Image;
			sourceTree = "<group>";
		};
/* End PBXGroup section */

/* Begin PBXNativeTarget section */
		34E101281F3EA1C800434CD7 /* GGCategories */ = {
			isa = PBXNativeTarget;
			buildConfigurationList = 34E101401F3EA1C800434CD7 /* Build configuration list for PBXNativeTarget "GGCategories" */;
			buildPhases = (
				34E101251F3EA1C800434CD7 /* Sources */,
				34E101261F3EA1C800434CD7 /* Frameworks */,
				34E101271F3EA1C800434CD7 /* Resources */,
			);
			buildRules = (
			);
			dependencies = (
			);
			name = GGCategories;
			productName = GGCategories;
			productReference = 34E101291F3EA1C800434CD7 /* GGCategories.app */;
			productType = "com.apple.product-type.application";
		};
/* End PBXNativeTarget section */

/* Begin PBXProject section */
		34E101211F3EA1C800434CD7 /* Project object */ = {
			isa = PBXProject;
			attributes = {
				LastUpgradeCheck = 0830;
				ORGANIZATIONNAME = GG;
				TargetAttributes = {
					34E101281F3EA1C800434CD7 = {
						CreatedOnToolsVersion = 8.3.3;
						DevelopmentTeam = VP946N7LDL;
						ProvisioningStyle = Automatic;
					};
				};
			};
			buildConfigurationList = 34E101241F3EA1C800434CD7 /* Build configuration list for PBXProject "GGCategories" */;
			compatibilityVersion = "Xcode 3.2";
			developmentRegion = English;
			hasScannedForEncodings = 0;
			knownRegions = (
				en,
				Base,
			);
			mainGroup = 34E101201F3EA1C800434CD7;
			productRefGroup = 34E1012A1F3EA1C800434CD7 /* Products */;
			projectDirPath = "";
			projectRoot = "";
			targets = (
				34E101281F3EA1C800434CD7 /* GGCategories */,
			);
		};
/* End PBXProject section */

/* Begin PBXResourcesBuildPhase section */
		34E101271F3EA1C800434CD7 /* Resources */ = {
			isa = PBXResourcesBuildPhase;
			buildActionMask = 2147483647;
			files = (
				34E1013C1F3EA1C800434CD7 /* LaunchScreen.storyboard in Resources */,
				34E30DC21F42D2F500380DD6 /* icon_man.png in Resources */,
				34E101391F3EA1C800434CD7 /* Assets.xcassets in Resources */,
				34E30DC61F42D30B00380DD6 /* tab_home.png in Resources */,
				34E30DC31F42D2F500380DD6 /* icon_selected.png in Resources */,
				34E1016E1F3F06E600434CD7 /* GGNewTabModifyLinkTargets.js in Resources */,
				34E101371F3EA1C800434CD7 /* Main.storyboard in Resources */,
			);
			runOnlyForDeploymentPostprocessing = 0;
		};
/* End PBXResourcesBuildPhase section */

/* Begin PBXSourcesBuildPhase section */
		34E101251F3EA1C800434CD7 /* Sources */ = {
			isa = PBXSourcesBuildPhase;
			buildActionMask = 2147483647;
			files = (
				34E1015C1F3EA8D800434CD7 /* NSHTTPCookieStorage+GGCookie.m in Sources */,
				34E101341F3EA1C800434CD7 /* ViewController.m in Sources */,
				34E30DA21F428D5700380DD6 /* UIView+GGBorder.m in Sources */,
				34E1015A1F3EA8D800434CD7 /* UIWebView+GGLoad.m in Sources */,
				34E1015B1F3EA8D800434CD7 /* UIWebView+GGNewTab.m in Sources */,
				34E30DD81F43FF1A00380DD6 /* UIScreen+JKFrame.m in Sources */,
				34E30DA81F428EEF00380DD6 /* UIViewController+GGTransition.m in Sources */,
				34E30DD51F43FEFE00380DD6 /* NSString+JKURLEncode.m in Sources */,
				34E30DCC1F43FE8800380DD6 /* UIView+JKFrame.m in Sources */,
				34E101311F3EA1C800434CD7 /* AppDelegate.m in Sources */,
				34E30DAE1F42C5B800380DD6 /* UIImage+GGResize.m in Sources */,
				34E30DA51F428E4400380DD6 /* NSString+GGMD5.m in Sources */,
				34E30DAB1F42C12800380DD6 /* UIImage+GGTint.m in Sources */,
				34E30DCF1F43FEC900380DD6 /* NSString+JKSize.m in Sources */,
				34E1016B1F3F063600434CD7 /* GGCategories.m in Sources */,
				34E30DBD1F42CD1200380DD6 /* UIView_BorderVC.m in Sources */,
				34E30DBA1F42CCD200380DD6 /* UIImage_TintVC.m in Sources */,
				34E30DB11F42CB4D00380DD6 /* UIWebView_NewTabVC.m in Sources */,
				34E101591F3EA8D800434CD7 /* UIWebView+GGProperty.m in Sources */,
				34E1012E1F3EA1C800434CD7 /* main.m in Sources */,
				34E30DD21F43FEDF00380DD6 /* UIView+JKVisuals.m in Sources */,
			);
			runOnlyForDeploymentPostprocessing = 0;
		};
/* End PBXSourcesBuildPhase section */

/* Begin PBXVariantGroup section */
		34E101351F3EA1C800434CD7 /* Main.storyboard */ = {
			isa = PBXVariantGroup;
			children = (
				34E101361F3EA1C800434CD7 /* Base */,
			);
			name = Main.storyboard;
			sourceTree = "<group>";
		};
		34E1013A1F3EA1C800434CD7 /* LaunchScreen.storyboard */ = {
			isa = PBXVariantGroup;
			children = (
				34E1013B1F3EA1C800434CD7 /* Base */,
			);
			name = LaunchScreen.storyboard;
			sourceTree = "<group>";
		};
/* End PBXVariantGroup section */

/* Begin XCBuildConfiguration section */
		34E1013E1F3EA1C800434CD7 /* Debug */ = {
			isa = XCBuildConfiguration;
			buildSettings = {
				ALWAYS_SEARCH_USER_PATHS = NO;
				CLANG_ANALYZER_NONNULL = YES;
				CLANG_ANALYZER_NUMBER_OBJECT_CONVERSION = YES_AGGRESSIVE;
				CLANG_CXX_LANGUAGE_STANDARD = "gnu++0x";
				CLANG_CXX_LIBRARY = "libc++";
				CLANG_ENABLE_MODULES = YES;
				CLANG_ENABLE_OBJC_ARC = YES;
				CLANG_WARN_BOOL_CONVERSION = YES;
				CLANG_WARN_CONSTANT_CONVERSION = YES;
				CLANG_WARN_DIRECT_OBJC_ISA_USAGE = YES_ERROR;
				CLANG_WARN_DOCUMENTATION_COMMENTS = YES;
				CLANG_WARN_EMPTY_BODY = YES;
				CLANG_WARN_ENUM_CONVERSION = YES;
				CLANG_WARN_INFINITE_RECURSION = YES;
				CLANG_WARN_INT_CONVERSION = YES;
				CLANG_WARN_OBJC_ROOT_CLASS = YES_ERROR;
				CLANG_WARN_SUSPICIOUS_MOVE = YES;
				CLANG_WARN_UNREACHABLE_CODE = YES;
				CLANG_WARN__DUPLICATE_METHOD_MATCH = YES;
				"CODE_SIGN_IDENTITY[sdk=iphoneos*]" = "iPhone Developer";
				COPY_PHASE_STRIP = NO;
				DEBUG_INFORMATION_FORMAT = dwarf;
				ENABLE_STRICT_OBJC_MSGSEND = YES;
				ENABLE_TESTABILITY = YES;
				GCC_C_LANGUAGE_STANDARD = gnu99;
				GCC_DYNAMIC_NO_PIC = NO;
				GCC_NO_COMMON_BLOCKS = YES;
				GCC_OPTIMIZATION_LEVEL = 0;
				GCC_PREPROCESSOR_DEFINITIONS = (
					"DEBUG=1",
					"$(inherited)",
				);
				GCC_WARN_64_TO_32_BIT_CONVERSION = YES;
				GCC_WARN_ABOUT_RETURN_TYPE = YES_ERROR;
				GCC_WARN_UNDECLARED_SELECTOR = YES;
				GCC_WARN_UNINITIALIZED_AUTOS = YES_AGGRESSIVE;
				GCC_WARN_UNUSED_FUNCTION = YES;
				GCC_WARN_UNUSED_VARIABLE = YES;
				IPHONEOS_DEPLOYMENT_TARGET = 10.3;
				MTL_ENABLE_DEBUG_INFO = YES;
				ONLY_ACTIVE_ARCH = YES;
				SDKROOT = iphoneos;
			};
			name = Debug;
		};
		34E1013F1F3EA1C800434CD7 /* Release */ = {
			isa = XCBuildConfiguration;
			buildSettings = {
				ALWAYS_SEARCH_USER_PATHS = NO;
				CLANG_ANALYZER_NONNULL = YES;
				CLANG_ANALYZER_NUMBER_OBJECT_CONVERSION = YES_AGGRESSIVE;
				CLANG_CXX_LANGUAGE_STANDARD = "gnu++0x";
				CLANG_CXX_LIBRARY = "libc++";
				CLANG_ENABLE_MODULES = YES;
				CLANG_ENABLE_OBJC_ARC = YES;
				CLANG_WARN_BOOL_CONVERSION = YES;
				CLANG_WARN_CONSTANT_CONVERSION = YES;
				CLANG_WARN_DIRECT_OBJC_ISA_USAGE = YES_ERROR;
				CLANG_WARN_DOCUMENTATION_COMMENTS = YES;
				CLANG_WARN_EMPTY_BODY = YES;
				CLANG_WARN_ENUM_CONVERSION = YES;
				CLANG_WARN_INFINITE_RECURSION = YES;
				CLANG_WARN_INT_CONVERSION = YES;
				CLANG_WARN_OBJC_ROOT_CLASS = YES_ERROR;
				CLANG_WARN_SUSPICIOUS_MOVE = YES;
				CLANG_WARN_UNREACHABLE_CODE = YES;
				CLANG_WARN__DUPLICATE_METHOD_MATCH = YES;
				"CODE_SIGN_IDENTITY[sdk=iphoneos*]" = "iPhone Developer";
				COPY_PHASE_STRIP = NO;
				DEBUG_INFORMATION_FORMAT = "dwarf-with-dsym";
				ENABLE_NS_ASSERTIONS = NO;
				ENABLE_STRICT_OBJC_MSGSEND = YES;
				GCC_C_LANGUAGE_STANDARD = gnu99;
				GCC_NO_COMMON_BLOCKS = YES;
				GCC_WARN_64_TO_32_BIT_CONVERSION = YES;
				GCC_WARN_ABOUT_RETURN_TYPE = YES_ERROR;
				GCC_WARN_UNDECLARED_SELECTOR = YES;
				GCC_WARN_UNINITIALIZED_AUTOS = YES_AGGRESSIVE;
				GCC_WARN_UNUSED_FUNCTION = YES;
				GCC_WARN_UNUSED_VARIABLE = YES;
				IPHONEOS_DEPLOYMENT_TARGET = 10.3;
				MTL_ENABLE_DEBUG_INFO = NO;
				SDKROOT = iphoneos;
				VALIDATE_PRODUCT = YES;
			};
			name = Release;
		};
		34E101411F3EA1C800434CD7 /* Debug */ = {
			isa = XCBuildConfiguration;
			buildSettings = {
				ASSETCATALOG_COMPILER_APPICON_NAME = AppIcon;
				DEVELOPMENT_TEAM = VP946N7LDL;
				INFOPLIST_FILE = GGCategories/Info.plist;
				IPHONEOS_DEPLOYMENT_TARGET = 8.0;
				LD_RUNPATH_SEARCH_PATHS = "$(inherited) @executable_path/Frameworks";
				PRODUCT_BUNDLE_IDENTIFIER = club.fromfactory.GGCategories;
				PRODUCT_NAME = "$(TARGET_NAME)";
			};
			name = Debug;
		};
		34E101421F3EA1C800434CD7 /* Release */ = {
			isa = XCBuildConfiguration;
			buildSettings = {
				ASSETCATALOG_COMPILER_APPICON_NAME = AppIcon;
				DEVELOPMENT_TEAM = VP946N7LDL;
				INFOPLIST_FILE = GGCategories/Info.plist;
				IPHONEOS_DEPLOYMENT_TARGET = 8.0;
				LD_RUNPATH_SEARCH_PATHS = "$(inherited) @executable_path/Frameworks";
				PRODUCT_BUNDLE_IDENTIFIER = club.fromfactory.GGCategories;
				PRODUCT_NAME = "$(TARGET_NAME)";
			};
			name = Release;
		};
/* End XCBuildConfiguration section */

/* Begin XCConfigurationList section */
		34E101241F3EA1C800434CD7 /* Build configuration list for PBXProject "GGCategories" */ = {
			isa = XCConfigurationList;
			buildConfigurations = (
				34E1013E1F3EA1C800434CD7 /* Debug */,
				34E1013F1F3EA1C800434CD7 /* Release */,
			);
			defaultConfigurationIsVisible = 0;
			defaultConfigurationName = Release;
		};
		34E101401F3EA1C800434CD7 /* Build configuration list for PBXNativeTarget "GGCategories" */ = {
			isa = XCConfigurationList;
			buildConfigurations = (
				34E101411F3EA1C800434CD7 /* Debug */,
				34E101421F3EA1C800434CD7 /* Release */,
			);
			defaultConfigurationIsVisible = 0;
			defaultConfigurationName = Release;
		};
/* End XCConfigurationList section */
	};
	rootObject = 34E101211F3EA1C800434CD7 /* Project object */;
}
